
Microsoft Visual Studio Solution File, Format Version 12.00
Project("{FAE04EC0-301F-11D3-BF4B-00C04F79EFBC}") = "MovieRestAPI", "MovieRestAPI\MovieRestAPI.csproj", "{7B918299-62A8-4E94-AFEF-486CC07423FF}"
EndProject
Global
	GlobalSection(SolutionConfigurationPlatforms) = preSolution
		Debug|Any CPU = Debug|Any CPU
		Release|Any CPU = Release|Any CPU
	EndGlobalSection
	GlobalSection(ProjectConfigurationPlatforms) = postSolution
		{7B918299-62A8-4E94-AFEF-486CC07423FF}.Debug|Any CPU.ActiveCfg = Debug|Any CPU
		{7B918299-62A8-4E94-AFEF-486CC07423FF}.Debug|Any CPU.Build.0 = Debug|Any CPU
		{7B918299-62A8-4E94-AFEF-486CC07423FF}.Release|Any CPU.ActiveCfg = Release|Any CPU
		{7B918299-62A8-4E94-AFEF-486CC07423FF}.Release|Any CPU.Build.0 = Release|Any CPU
	EndGlobalSection
EndGlobal
